
Microsoft Visual Studio Solution File, Format Version 12.00
# Visual Studio Version 17
VisualStudioVersion = 17.4.33110.190
MinimumVisualStudioVersion = 10.0.40219.1
Project("{8BC9CEB8-8B4A-11D0-8D11-00A0C91BC942}") = "RC4", "RC4\RC4.vcxproj", "{8EFE816D-7AB9-4A78-8C3E-B1022B13749F}"
EndProject
Global
	GlobalSection(SolutionConfigurationPlatforms) = preSolution
		Debug|x64 = Debug|x64
		Debug|x86 = Debug|x86
		Release|x64 = Release|x64
		Release|x86 = Release|x86
	EndGlobalSection
	GlobalSection(ProjectConfigurationPlatforms) = postSolution
		{8EFE816D-7AB9-4A78-8C3E-B1022B13749F}.Debug|x64.ActiveCfg = Debug|x64
		{8EFE816D-7AB9-4A78-8C3E-B1022B13749F}.Debug|x64.Build.0 = Debug|x64
		{8EFE816D-7AB9-4A78-8C3E-B1022B13749F}.Debug|x86.ActiveCfg = Debug|Win32
		{8EFE816D-7AB9-4A78-8C3E-B1022B13749F}.Debug|x86.Build.0 = Debug|Win32
		{8EFE816D-7AB9-4A78-8C3E-B1022B13749F}.Release|x64.ActiveCfg = Release|x64
		{8EFE816D-7AB9-4A78-8C3E-B1022B13749F}.Release|x64.Build.0 = Release|x64
		{8EFE816D-7AB9-4A78-8C3E-B1022B13749F}.Release|x86.ActiveCfg = Release|Win32
		{8EFE816D-7AB9-4A78-8C3E-B1022B13749F}.Release|x86.Build.0 = Release|Win32
	EndGlobalSection
	GlobalSection(SolutionProperties) = preSolution
		HideSolutionNode = FALSE
	EndGlobalSection
	GlobalSection(ExtensibilityGlobals) = postSolution
		SolutionGuid = {62CE04F1-2E47-442E-B6A6-3B451DC2B88A}
	EndGlobalSection
EndGlobal
